
Microsoft Visual Studio Solution File, Format Version 12.00
# Visual Studio 2012
Project("{8BC9CEB8-8B4A-11D0-8D11-00A0C91BC942}") = "change", "change\change.vcxproj", "{D38D3341-6798-46A0-A341-86B91B8B2410}"
EndProject
Global
	GlobalSection(SolutionConfigurationPlatforms) = preSolution
		Debug|Win32 = Debug|Win32
		Release|Win32 = Release|Win32
	EndGlobalSection
	GlobalSection(ProjectConfigurationPlatforms) = postSolution
		{D38D3341-6798-46A0-A341-86B91B8B2410}.Debug|Win32.ActiveCfg = Debug|Win32
		{D38D3341-6798-46A0-A341-86B91B8B2410}.Debug|Win32.Build.0 = Debug|Win32
		{D38D3341-6798-46A0-A341-86B91B8B2410}.Release|Win32.ActiveCfg = Release|Win32
		{D38D3341-6798-46A0-A341-86B91B8B2410}.Release|Win32.Build.0 = Release|Win32
	EndGlobalSection
	GlobalSection(SolutionProperties) = preSolution
		HideSolutionNode = FALSE
	EndGlobalSection
	GlobalSection(Performance) = preSolution
		HasPerformanceSessions = true
	EndGlobalSection
EndGlobal
